
Microsoft Visual Studio Solution File, Format Version 12.00
# Visual Studio Version 16
VisualStudioVersion = 16.0.30320.27
MinimumVisualStudioVersion = 10.0.40219.1
Project("{FAE04EC0-301F-11D3-BF4B-00C04F79EFBC}") = "ArrayandLoopsandIteration", "ArrayandLoopsandIteration.csproj", "{1F3767D6-C390-47DD-BAEE-157C37BC1E29}"
EndProject
Global
	GlobalSection(SolutionConfigurationPlatforms) = preSolution
		Debug|Any CPU = Debug|Any CPU
		Release|Any CPU = Release|Any CPU
	EndGlobalSection
	GlobalSection(ProjectConfigurationPlatforms) = postSolution
		{1F3767D6-C390-47DD-BAEE-157C37BC1E29}.Debug|Any CPU.ActiveCfg = Debug|Any CPU
		{1F3767D6-C390-47DD-BAEE-157C37BC1E29}.Debug|Any CPU.Build.0 = Debug|Any CPU
		{1F3767D6-C390-47DD-BAEE-157C37BC1E29}.Release|Any CPU.ActiveCfg = Release|Any CPU
		{1F3767D6-C390-47DD-BAEE-157C37BC1E29}.Release|Any CPU.Build.0 = Release|Any CPU
	EndGlobalSection
	GlobalSection(SolutionProperties) = preSolution
		HideSolutionNode = FALSE
	EndGlobalSection
	GlobalSection(ExtensibilityGlobals) = postSolution
		SolutionGuid = {2F579810-815F-4FA1-85A8-BE19CB649050}
	EndGlobalSection
EndGlobal
