
Microsoft Visual Studio Solution File, Format Version 12.00
# Visual Studio Version 16
VisualStudioVersion = 16.0.30320.27
MinimumVisualStudioVersion = 10.0.40219.1
Project("{FAE04EC0-301F-11D3-BF4B-00C04F79EFBC}") = "Array", "Array.csproj", "{184B6756-424B-48DC-83A1-A1BBA8B729E6}"
EndProject
Global
	GlobalSection(SolutionConfigurationPlatforms) = preSolution
		Debug|Any CPU = Debug|Any CPU
		Release|Any CPU = Release|Any CPU
	EndGlobalSection
	GlobalSection(ProjectConfigurationPlatforms) = postSolution
		{184B6756-424B-48DC-83A1-A1BBA8B729E6}.Debug|Any CPU.ActiveCfg = Debug|Any CPU
		{184B6756-424B-48DC-83A1-A1BBA8B729E6}.Debug|Any CPU.Build.0 = Debug|Any CPU
		{184B6756-424B-48DC-83A1-A1BBA8B729E6}.Release|Any CPU.ActiveCfg = Release|Any CPU
		{184B6756-424B-48DC-83A1-A1BBA8B729E6}.Release|Any CPU.Build.0 = Release|Any CPU
	EndGlobalSection
	GlobalSection(SolutionProperties) = preSolution
		HideSolutionNode = FALSE
	EndGlobalSection
	GlobalSection(ExtensibilityGlobals) = postSolution
		SolutionGuid = {E7BD24FE-2593-47B6-BC53-838B4EC927BD}
	EndGlobalSection
EndGlobal
