
Microsoft Visual Studio Solution File, Format Version 12.00
# Visual Studio Version 16
VisualStudioVersion = 16.0.30320.27
MinimumVisualStudioVersion = 10.0.40219.1
Project("{FAE04EC0-301F-11D3-BF4B-00C04F79EFBC}") = "Loop", "Loop.csproj", "{AEC4ECD2-E8B4-4670-8462-5CC0C70CFCA2}"
EndProject
Global
	GlobalSection(SolutionConfigurationPlatforms) = preSolution
		Debug|Any CPU = Debug|Any CPU
		Release|Any CPU = Release|Any CPU
	EndGlobalSection
	GlobalSection(ProjectConfigurationPlatforms) = postSolution
		{AEC4ECD2-E8B4-4670-8462-5CC0C70CFCA2}.Debug|Any CPU.ActiveCfg = Debug|Any CPU
		{AEC4ECD2-E8B4-4670-8462-5CC0C70CFCA2}.Debug|Any CPU.Build.0 = Debug|Any CPU
		{AEC4ECD2-E8B4-4670-8462-5CC0C70CFCA2}.Release|Any CPU.ActiveCfg = Release|Any CPU
		{AEC4ECD2-E8B4-4670-8462-5CC0C70CFCA2}.Release|Any CPU.Build.0 = Release|Any CPU
	EndGlobalSection
	GlobalSection(SolutionProperties) = preSolution
		HideSolutionNode = FALSE
	EndGlobalSection
	GlobalSection(ExtensibilityGlobals) = postSolution
		SolutionGuid = {F590623C-5F17-4B96-963B-7CD5D89939EF}
	EndGlobalSection
EndGlobal
